{
    "_readme": [
        "This file locks the dependencies of your project to a known state",
        "Read more about it at https://getcomposer.org/doc/01-basic-usage.md#composer-lock-the-lock-file",
        "This file is @generated automatically"
    ],
    "content-hash": "2a4905f67c308b420634a793c8502e8c",
    "packages": [
        {
            "name": "danielstjules/stringy",
            "version": "1.10.0",
            "source": {
                "type": "git",
                "url": "https://github.com/danielstjules/Stringy.git",
                "reference": "4749c205db47ee5b32e8d1adf6d9aff8db6caf3b"
            },
            "dist": {
                "type": "zip",
                "url": "https://files.phpcomposer.com/files/danielstjules/Stringy/4749c205db47ee5b32e8d1adf6d9aff8db6caf3b.zip",
                "reference": "4749c205db47ee5b32e8d1adf6d9aff8db6caf3b",
                "shasum": ""
            },
            "require": {
                "ext-mbstring": "*",
                "php": ">=5.3.0"
            },
            "require-dev": {
                "phpunit/phpunit": "~4.0"
            },
            "type": "library",
            "autoload": {
                "psr-4": {
                    "Stringy\\": "src/"
                },
                "files": [
                    "src/Create.php"
                ]
            },
            "notification-url": "https://packagist.org/downloads/",
            "license": [
                "MIT"
            ],
            "authors": [
                {
                    "name": "Daniel St. Jules",
                    "email": "danielst.jules@gmail.com",
                    "homepage": "http://www.danielstjules.com"
                }
            ],
            "description": "A string manipulation library with multibyte support",
            "homepage": "https://github.com/danielstjules/Stringy",
            "keywords": [
                "UTF",
                "helpers",
                "manipulation",
                "methods",
                "multibyte",
                "string",
                "utf-8",
                "utility",
                "utils"
            ],
            "time": "2015-07-23T00:54:12+00:00"
        },
        {
            "name": "doctrine/inflector",
            "version": "v1.2.0",
            "source": {
                "type": "git",
                "url": "https://github.com/doctrine/inflector.git",
                "reference": "e11d84c6e018beedd929cff5220969a3c6d1d462"
            },
            "dist": {
                "type": "zip",
                "url": "https://files.phpcomposer.com/files/doctrine/inflector/e11d84c6e018beedd929cff5220969a3c6d1d462.zip",
                "reference": "e11d84c6e018beedd929cff5220969a3c6d1d462",
                "shasum": ""
            },
            "require": {
                "php": "^7.0"
            },
            "require-dev": {
                "phpunit/phpunit": "^6.2"
            },
            "type": "library",
            "extra": {
                "branch-alias": {
                    "dev-master": "1.2.x-dev"
                }
            },
            "autoload": {
                "psr-4": {
                    "Doctrine\\Common\\Inflector\\": "lib/Doctrine/Common/Inflector"
                }
            },
            "notification-url": "https://packagist.org/downloads/",
            "license": [
                "MIT"
            ],
            "authors": [
                {
                    "name": "Roman Borschel",
                    "email": "roman@code-factory.org"
                },
                {
                    "name": "Benjamin Eberlei",
                    "email": "kontakt@beberlei.de"
                },
                {
                    "name": "Guilherme Blanco",
                    "email": "guilhermeblanco@gmail.com"
                },
                {
                    "name": "Jonathan Wage",
                    "email": "jonwage@gmail.com"
                },
                {
                    "name": "Johannes Schmitt",
                    "email": "schmittjoh@gmail.com"
                }
            ],
            "description": "Common String Manipulations with regard to casing and singular/plural rules.",
            "homepage": "http://www.doctrine-project.org",
            "keywords": [
                "inflection",
                "pluralize",
                "singularize",
                "string"
            ],
            "time": "2017-07-22T12:18:28+00:00"
        },
        {
            "name": "erusev/parsedown",
            "version": "1.6.4",
            "source": {
                "type": "git",
                "url": "https://github.com/erusev/parsedown.git",
                "reference": "fbe3fe878f4fe69048bb8a52783a09802004f548"
            },
            "dist": {
                "type": "zip",
                "url": "https://files.phpcomposer.com/files/erusev/parsedown/fbe3fe878f4fe69048bb8a52783a09802004f548.zip",
                "reference": "fbe3fe878f4fe69048bb8a52783a09802004f548",
                "shasum": ""
            },
            "require": {
                "php": ">=5.3.0"
            },
            "require-dev": {
                "phpunit/phpunit": "^4.8.35"
            },
            "type": "library",
            "autoload": {
                "psr-0": {
                    "Parsedown": ""
                }
            },
            "notification-url": "https://packagist.org/downloads/",
            "license": [
                "MIT"
            ],
            "authors": [
                {
                    "name": "Emanuil Rusev",
                    "email": "hello@erusev.com",
                    "homepage": "http://erusev.com"
                }
            ],
            "description": "Parser for Markdown.",
            "homepage": "http://parsedown.org",
            "keywords": [
                "markdown",
                "parser"
            ],
            "time": "2017-11-14T20:44:03+00:00"
        },
        {
            "name": "erusev/parsedown-extra",
            "version": "0.7.1",
            "source": {
                "type": "git",
                "url": "https://github.com/erusev/parsedown-extra.git",
                "reference": "0db5cce7354e4b76f155d092ab5eb3981c21258c"
            },
            "dist": {
                "type": "zip",
                "url": "https://files.phpcomposer.com/files/erusev/parsedown-extra/0db5cce7354e4b76f155d092ab5eb3981c21258c.zip",
                "reference": "0db5cce7354e4b76f155d092ab5eb3981c21258c",
                "shasum": ""
            },
            "require": {
                "erusev/parsedown": "~1.4"
            },
            "type": "library",
            "autoload": {
                "psr-0": {
                    "ParsedownExtra": ""
                }
            },
            "notification-url": "https://packagist.org/downloads/",
            "license": [
                "MIT"
            ],
            "authors": [
                {
                    "name": "Emanuil Rusev",
                    "email": "hello@erusev.com",
                    "homepage": "http://erusev.com"
                }
            ],
            "description": "An extension of Parsedown that adds support for Markdown Extra.",
            "homepage": "https://github.com/erusev/parsedown-extra",
            "keywords": [
                "markdown",
                "markdown extra",
                "parsedown",
                "parser"
            ],
            "time": "2015-11-01T10:19:22+00:00"
        },
        {
            "name": "illuminate/contracts",
            "version": "v5.1.41",
            "source": {
                "type": "git",
                "url": "https://github.com/illuminate/contracts.git",
                "reference": "6e828a355b7a467232efad3dbe76df17463178e3"
            },
            "dist": {
                "type": "zip",
                "url": "https://files.phpcomposer.com/files/illuminate/contracts/6e828a355b7a467232efad3dbe76df17463178e3.zip",
                "reference": "6e828a355b7a467232efad3dbe76df17463178e3",
                "shasum": ""
            },
            "require": {
                "php": ">=5.5.9"
            },
            "type": "library",
            "extra": {
                "branch-alias": {
                    "dev-master": "5.1-dev"
                }
            },
            "autoload": {
                "psr-4": {
                    "Illuminate\\Contracts\\": ""
                }
            },
            "notification-url": "https://packagist.org/downloads/",
            "license": [
                "MIT"
            ],
            "authors": [
                {
                    "name": "Taylor Otwell",
                    "email": "taylorotwell@gmail.com"
                }
            ],
            "description": "The Illuminate Contracts package.",
            "homepage": "http://laravel.com",
            "time": "2015-09-24T11:16:48+00:00"
        },
        {
            "name": "illuminate/filesystem",
            "version": "v5.1.41",
            "source": {
                "type": "git",
                "url": "https://github.com/illuminate/filesystem.git",
                "reference": "f109f5fb12eef0211cdaff226bef51e18ec8c147"
            },
            "dist": {
                "type": "zip",
                "url": "https://files.phpcomposer.com/files/illuminate/filesystem/f109f5fb12eef0211cdaff226bef51e18ec8c147.zip",
                "reference": "f109f5fb12eef0211cdaff226bef51e18ec8c147",
                "shasum": ""
            },
            "require": {
                "illuminate/contracts": "5.1.*",
                "illuminate/support": "5.1.*",
                "php": ">=5.5.9",
                "symfony/finder": "2.7.*"
            },
            "suggest": {
                "league/flysystem": "Required to use the Flysystem local and FTP drivers (~1.0).",
                "league/flysystem-aws-s3-v3": "Required to use the Flysystem S3 driver (~1.0).",
                "league/flysystem-rackspace": "Required to use the Flysystem Rackspace driver (~1.0)."
            },
            "type": "library",
            "extra": {
                "branch-alias": {
                    "dev-master": "5.1-dev"
                }
            },
            "autoload": {
                "psr-4": {
                    "Illuminate\\Filesystem\\": ""
                }
            },
            "notification-url": "https://packagist.org/downloads/",
            "license": [
                "MIT"
            ],
            "authors": [
                {
                    "name": "Taylor Otwell",
                    "email": "taylorotwell@gmail.com"
                }
            ],
            "description": "The Illuminate Filesystem package.",
            "homepage": "http://laravel.com",
            "time": "2016-05-28T21:16:16+00:00"
        },
        {
            "name": "illuminate/support",
            "version": "v5.1.41",
            "source": {
                "type": "git",
                "url": "https://github.com/illuminate/support.git",
                "reference": "510163046dc50a467621448d6905f0c819ee8b4a"
            },
            "dist": {
                "type": "zip",
                "url": "https://files.phpcomposer.com/files/illuminate/support/510163046dc50a467621448d6905f0c819ee8b4a.zip",
                "reference": "510163046dc50a467621448d6905f0c819ee8b4a",
                "shasum": ""
            },
            "require": {
                "danielstjules/stringy": "~1.8",
                "doctrine/inflector": "~1.0",
                "ext-mbstring": "*",
                "illuminate/contracts": "5.1.*",
                "paragonie/random_compat": "~1.4",
                "php": ">=5.5.9"
            },
            "suggest": {
                "jeremeamia/superclosure": "Required to be able to serialize closures (~2.0).",
                "symfony/var-dumper": "Improves the dd function (2.7.*)."
            },
            "type": "library",
            "extra": {
                "branch-alias": {
                    "dev-master": "5.1-dev"
                }
            },
            "autoload": {
                "psr-4": {
                    "Illuminate\\Support\\": ""
                },
                "files": [
                    "helpers.php"
                ]
            },
            "notification-url": "https://packagist.org/downloads/",
            "license": [
                "MIT"
            ],
            "authors": [
                {
                    "name": "Taylor Otwell",
                    "email": "taylorotwell@gmail.com"
                }
            ],
            "description": "The Illuminate Support package.",
            "homepage": "http://laravel.com",
            "time": "2016-06-11T16:44:59+00:00"
        },
        {
            "name": "kriswallsmith/assetic",
            "version": "v1.4.0",
            "source": {
                "type": "git",
                "url": "https://github.com/kriswallsmith/assetic.git",
                "reference": "e911c437dbdf006a8f62c2f59b15b2d69a5e0aa1"
            },
            "dist": {
                "type": "zip",
                "url": "https://files.phpcomposer.com/files/kriswallsmith/assetic/e911c437dbdf006a8f62c2f59b15b2d69a5e0aa1.zip",
                "reference": "e911c437dbdf006a8f62c2f59b15b2d69a5e0aa1",
                "shasum": ""
            },
            "require": {
                "php": ">=5.3.1",
                "symfony/process": "~2.1|~3.0"
            },
            "conflict": {
                "twig/twig": "<1.27"
            },
            "require-dev": {
                "leafo/lessphp": "^0.3.7",
                "leafo/scssphp": "~0.1",
                "meenie/javascript-packer": "^1.1",
                "mrclay/minify": "<2.3",
                "natxet/cssmin": "3.0.4",
                "patchwork/jsqueeze": "~1.0|~2.0",
                "phpunit/phpunit": "~4.8 || ^5.6",
                "psr/log": "~1.0",
                "ptachoire/cssembed": "~1.0",
                "symfony/phpunit-bridge": "~2.7|~3.0",
                "twig/twig": "~1.23|~2.0",
                "yfix/packager": "dev-master"
            },
            "suggest": {
                "leafo/lessphp": "Assetic provides the integration with the lessphp LESS compiler",
                "leafo/scssphp": "Assetic provides the integration with the scssphp SCSS compiler",
                "leafo/scssphp-compass": "Assetic provides the integration with the SCSS compass plugin",
                "patchwork/jsqueeze": "Assetic provides the integration with the JSqueeze JavaScript compressor",
                "ptachoire/cssembed": "Assetic provides the integration with phpcssembed to embed data uris",
                "twig/twig": "Assetic provides the integration with the Twig templating engine"
            },
            "type": "library",
            "extra": {
                "branch-alias": {
                    "dev-master": "1.4-dev"
                }
            },
            "autoload": {
                "psr-0": {
                    "Assetic": "src/"
                },
                "files": [
                    "src/functions.php"
                ]
            },
            "notification-url": "https://packagist.org/downloads/",
            "license": [
                "MIT"
            ],
            "authors": [
                {
                    "name": "Kris Wallsmith",
                    "email": "kris.wallsmith@gmail.com",
                    "homepage": "http://kriswallsmith.net/"
                }
            ],
            "description": "Asset Management for PHP",
            "homepage": "https://github.com/kriswallsmith/assetic",
            "keywords": [
                "assets",
                "compression",
                "minification"
            ],
            "time": "2016-11-11T18:43:20+00:00"
        },
        {
            "name": "leafo/scssphp",
            "version": "v0.7.5",
            "source": {
                "type": "git",
                "url": "https://github.com/leafo/scssphp.git",
                "reference": "8b538d828bbb75276974605c4a1a435e939da74e"
            },
            "dist": {
                "type": "zip",
                "url": "https://files.phpcomposer.com/files/leafo/scssphp/8b538d828bbb75276974605c4a1a435e939da74e.zip",
                "reference": "8b538d828bbb75276974605c4a1a435e939da74e",
                "shasum": ""
            },
            "require": {
                "php": ">=5.4.0"
            },
            "require-dev": {
                "phpunit/phpunit": "~4.6",
                "squizlabs/php_codesniffer": "~2.5"
            },
            "bin": [
                "bin/pscss"
            ],
            "type": "library",
            "autoload": {
                "psr-4": {
                    "Leafo\\ScssPhp\\": "src/"
                }
            },
            "notification-url": "https://packagist.org/downloads/",
            "license": [
                "MIT"
            ],
            "authors": [
                {
                    "name": "Leaf Corcoran",
                    "email": "leafot@gmail.com",
                    "homepage": "http://leafo.net"
                }
            ],
            "description": "scssphp is a compiler for SCSS written in PHP.",
            "homepage": "http://leafo.github.io/scssphp/",
            "keywords": [
                "css",
                "less",
                "sass",
                "scss",
                "stylesheet"
            ],
            "time": "2018-02-09T02:04:21+00:00"
        },
        {
            "name": "october/extension",
            "version": "v1.0.419",
            "source": {
                "type": "git",
                "url": "https://github.com/octoberrain/extension.git",
                "reference": "1b270b3038cea39bc7f2b7ec0f808906e146dc09"
            },
            "dist": {
                "type": "zip",
                "url": "https://files.phpcomposer.com/files/octoberrain/extension/1b270b3038cea39bc7f2b7ec0f808906e146dc09.zip",
                "reference": "1b270b3038cea39bc7f2b7ec0f808906e146dc09",
                "shasum": ""
            },
            "require": {
                "php": ">=5.5.9"
            },
            "type": "library",
            "extra": {
                "branch-alias": {
                    "dev-master": "1.0-dev"
                }
            },
            "autoload": {
                "psr-4": {
                    "October\\Rain\\Extension\\": ""
                }
            },
            "notification-url": "https://packagist.org/downloads/",
            "license": [
                "MIT"
            ],
            "authors": [
                {
                    "name": "Alexey Bobkov",
                    "email": "aleksey.bobkov@gmail.com"
                },
                {
                    "name": "Samuel Georges",
                    "email": "daftspunky@gmail.com"
                }
            ],
            "description": "Extension based classes, like private Traits",
            "homepage": "http://octobercms.com",
            "keywords": [
                "behaviors",
                "extensions",
                "october",
                "october cms",
                "traits"
            ],
            "time": "2017-04-28T23:25:29+00:00"
        },
        {
            "name": "october/filesystem",
            "version": "v1.0.419",
            "source": {
                "type": "git",
                "url": "https://github.com/octoberrain/filesystem.git",
                "reference": "f92b6009ecfe547657728c9c156260558e064881"
            },
            "dist": {
                "type": "zip",
                "url": "https://files.phpcomposer.com/files/octoberrain/filesystem/f92b6009ecfe547657728c9c156260558e064881.zip",
                "reference": "f92b6009ecfe547657728c9c156260558e064881",
                "shasum": ""
            },
            "require": {
                "illuminate/filesystem": "5.1.*",
                "october/support": "~1.0",
                "php": ">=5.5.9"
            },
            "type": "library",
            "extra": {
                "branch-alias": {
                    "dev-master": "1.0-dev"
                }
            },
            "autoload": {
                "psr-4": {
                    "October\\Rain\\Filesystem\\": ""
                }
            },
            "notification-url": "https://packagist.org/downloads/",
            "license": [
                "MIT"
            ],
            "authors": [
                {
                    "name": "Alexey Bobkov",
                    "email": "aleksey.bobkov@gmail.com"
                },
                {
                    "name": "Samuel Georges",
                    "email": "daftspunky@gmail.com"
                }
            ],
            "description": "Custom Filesystem service",
            "homepage": "http://octobercms.com",
            "keywords": [
                "files",
                "filesystem",
                "october",
                "october cms"
            ],
            "time": "2017-05-15T21:38:15+00:00"
        },
        {
            "name": "october/halcyon",
            "version": "v1.0.419",
            "source": {
                "type": "git",
                "url": "https://github.com/octoberrain/halcyon.git",
                "reference": "ff42ddfb8b94b5710baecfa8667475463aad110a"
            },
            "dist": {
                "type": "zip",
                "url": "https://files.phpcomposer.com/files/octoberrain/halcyon/ff42ddfb8b94b5710baecfa8667475463aad110a.zip",
                "reference": "ff42ddfb8b94b5710baecfa8667475463aad110a",
                "shasum": ""
            },
            "require": {
                "october/extension": "~1.0",
                "october/filesystem": "~1.0",
                "october/parse": "~1.0",
                "october/support": "~1.0",
                "php": ">=5.5.9"
            },
            "type": "library",
            "extra": {
                "branch-alias": {
                    "dev-master": "1.0-dev"
                }
            },
            "autoload": {
                "psr-4": {
                    "October\\Rain\\Halcyon\\": ""
                }
            },
            "notification-url": "https://packagist.org/downloads/",
            "license": [
                "MIT"
            ],
            "authors": [
                {
                    "name": "Alexey Bobkov",
                    "email": "aleksey.bobkov@gmail.com"
                },
                {
                    "name": "Samuel Georges",
                    "email": "daftspunky@gmail.com"
                }
            ],
            "description": "File based ORM",
            "homepage": "http://octobercms.com",
            "keywords": [
                "halcyon",
                "october",
                "october cms",
                "orm"
            ],
            "time": "2017-02-24T07:04:46+00:00"
        },
        {
            "name": "october/parse",
            "version": "v1.0.419",
            "source": {
                "type": "git",
                "url": "https://github.com/octoberrain/parse.git",
                "reference": "8d57ca421182e9388afea9c55b9a728078e2a74c"
            },
            "dist": {
                "type": "zip",
                "url": "https://files.phpcomposer.com/files/octoberrain/parse/8d57ca421182e9388afea9c55b9a728078e2a74c.zip",
                "reference": "8d57ca421182e9388afea9c55b9a728078e2a74c",
                "shasum": ""
            },
            "require": {
                "erusev/parsedown-extra": "~0.7",
                "kriswallsmith/assetic": "~1.3",
                "leafo/scssphp": "~0.6",
                "october/support": "~1.0",
                "oyejorge/less.php": "~1.7",
                "php": ">=5.5.9",
                "symfony/yaml": "2.8.*|3.0.*"
            },
            "type": "library",
            "extra": {
                "branch-alias": {
                    "dev-master": "1.0-dev"
                }
            },
            "autoload": {
                "psr-4": {
                    "October\\Rain\\Parse\\": ""
                }
            },
            "notification-url": "https://packagist.org/downloads/",
            "license": [
                "MIT"
            ],
            "authors": [
                {
                    "name": "Alexey Bobkov",
                    "email": "aleksey.bobkov@gmail.com"
                },
                {
                    "name": "Samuel Georges",
                    "email": "daftspunky@gmail.com"
                }
            ],
            "description": "Various parsing utilities",
            "homepage": "http://octobercms.com",
            "keywords": [
                "markdown",
                "october",
                "october cms",
                "parse",
                "template",
                "yaml"
            ],
            "time": "2016-11-27T17:36:55+00:00"
        },
        {
            "name": "october/support",
            "version": "v1.0.419",
            "source": {
                "type": "git",
                "url": "https://github.com/octoberrain/support.git",
                "reference": "ad163e37b8025d4a1567148717155b32c5ebb7c5"
            },
            "dist": {
                "type": "zip",
                "url": "https://files.phpcomposer.com/files/octoberrain/support/ad163e37b8025d4a1567148717155b32c5ebb7c5.zip",
                "reference": "ad163e37b8025d4a1567148717155b32c5ebb7c5",
                "shasum": ""
            },
            "require": {
                "illuminate/support": "5.1.*",
                "php": ">=5.5.9"
            },
            "type": "library",
            "extra": {
                "branch-alias": {
                    "dev-master": "1.0-dev"
                }
            },
            "autoload": {
                "psr-4": {
                    "October\\Rain\\Support\\": ""
                }
            },
            "notification-url": "https://packagist.org/downloads/",
            "license": [
                "MIT"
            ],
            "authors": [
                {
                    "name": "Alexey Bobkov",
                    "email": "aleksey.bobkov@gmail.com"
                },
                {
                    "name": "Samuel Georges",
                    "email": "daftspunky@gmail.com"
                }
            ],
            "description": "Foundation components for October",
            "homepage": "http://octobercms.com",
            "keywords": [
                "assetic",
                "combiner",
                "core",
                "facadeloader",
                "foundation",
                "october",
                "october cms"
            ],
            "time": "2017-03-16T06:01:47+00:00"
        },
        {
            "name": "oyejorge/less.php",
            "version": "v1.7.0.14",
            "source": {
                "type": "git",
                "url": "https://github.com/oyejorge/less.php.git",
                "reference": "42925c5a01a07d67ca7e82dfc8fb31814d557bc9"
            },
            "dist": {
                "type": "zip",
                "url": "https://files.phpcomposer.com/files/oyejorge/less.php/42925c5a01a07d67ca7e82dfc8fb31814d557bc9.zip",
                "reference": "42925c5a01a07d67ca7e82dfc8fb31814d557bc9",
                "shasum": ""
            },
            "require": {
                "php": ">=5.3"
            },
            "require-dev": {
                "phpunit/phpunit": "~4.8.24"
            },
            "bin": [
                "bin/lessc"
            ],
            "type": "library",
            "autoload": {
                "psr-0": {
                    "Less": "lib/"
                },
                "classmap": [
                    "lessc.inc.php"
                ]
            },
            "notification-url": "https://packagist.org/downloads/",
            "license": [
                "Apache-2.0"
            ],
            "authors": [
                {
                    "name": "Matt Agar",
                    "homepage": "https://github.com/agar"
                },
                {
                    "name": "Martin Jantošovič",
                    "homepage": "https://github.com/Mordred"
                },
                {
                    "name": "Josh Schmidt",
                    "homepage": "https://github.com/oyejorge"
                }
            ],
            "description": "PHP port of the Javascript version of LESS http://lesscss.org (Originally maintained by Josh Schmidt)",
            "homepage": "http://lessphp.gpeasy.com",
            "keywords": [
                "css",
                "less",
                "less.js",
                "lesscss",
                "php",
                "stylesheet"
            ],
            "time": "2017-03-28T22:19:25+00:00"
        },
        {
            "name": "paragonie/random_compat",
            "version": "v1.4.2",
            "source": {
                "type": "git",
                "url": "https://github.com/paragonie/random_compat.git",
                "reference": "965cdeb01fdcab7653253aa81d40441d261f1e66"
            },
            "dist": {
                "type": "zip",
                "url": "https://files.phpcomposer.com/files/paragonie/random_compat/965cdeb01fdcab7653253aa81d40441d261f1e66.zip",
                "reference": "965cdeb01fdcab7653253aa81d40441d261f1e66",
                "shasum": ""
            },
            "require": {
                "php": ">=5.2.0"
            },
            "require-dev": {
                "phpunit/phpunit": "4.*|5.*"
            },
            "suggest": {
                "ext-libsodium": "Provides a modern crypto API that can be used to generate random bytes."
            },
            "type": "library",
            "autoload": {
                "files": [
                    "lib/random.php"
                ]
            },
            "notification-url": "https://packagist.org/downloads/",
            "license": [
                "MIT"
            ],
            "authors": [
                {
                    "name": "Paragon Initiative Enterprises",
                    "email": "security@paragonie.com",
                    "homepage": "https://paragonie.com"
                }
            ],
            "description": "PHP 5.x polyfill for random_bytes() and random_int() from PHP 7",
            "keywords": [
                "csprng",
                "pseudorandom",
                "random"
            ],
            "time": "2017-03-13T16:22:52+00:00"
        },
        {
            "name": "symfony/finder",
            "version": "v2.7.41",
            "source": {
                "type": "git",
                "url": "https://github.com/symfony/finder.git",
                "reference": "75f766f4a1c60407ec371cd2a7ef0a09d0e8e745"
            },
            "dist": {
                "type": "zip",
                "url": "https://files.phpcomposer.com/files/symfony/finder/75f766f4a1c60407ec371cd2a7ef0a09d0e8e745.zip",
                "reference": "75f766f4a1c60407ec371cd2a7ef0a09d0e8e745",
                "shasum": ""
            },
            "require": {
                "php": ">=5.3.9"
            },
            "type": "library",
            "extra": {
                "branch-alias": {
                    "dev-master": "2.7-dev"
                }
            },
            "autoload": {
                "psr-4": {
                    "Symfony\\Component\\Finder\\": ""
                },
                "exclude-from-classmap": [
                    "/Tests/"
                ]
            },
            "notification-url": "https://packagist.org/downloads/",
            "license": [
                "MIT"
            ],
            "authors": [
                {
                    "name": "Fabien Potencier",
                    "email": "fabien@symfony.com"
                },
                {
                    "name": "Symfony Community",
                    "homepage": "https://symfony.com/contributors"
                }
            ],
            "description": "Symfony Finder Component",
            "homepage": "https://symfony.com",
            "time": "2018-01-24T17:56:32+00:00"
        },
        {
            "name": "symfony/process",
            "version": "v3.4.4",
            "source": {
                "type": "git",
                "url": "https://github.com/symfony/process.git",
                "reference": "09a5172057be8fc677840e591b17f385e58c7c0d"
            },
            "dist": {
                "type": "zip",
                "url": "https://files.phpcomposer.com/files/symfony/process/09a5172057be8fc677840e591b17f385e58c7c0d.zip",
                "reference": "09a5172057be8fc677840e591b17f385e58c7c0d",
                "shasum": ""
            },
            "require": {
                "php": "^5.5.9|>=7.0.8"
            },
            "type": "library",
            "extra": {
                "branch-alias": {
                    "dev-master": "3.4-dev"
                }
            },
            "autoload": {
                "psr-4": {
                    "Symfony\\Component\\Process\\": ""
                },
                "exclude-from-classmap": [
                    "/Tests/"
                ]
            },
            "notification-url": "https://packagist.org/downloads/",
            "license": [
                "MIT"
            ],
            "authors": [
                {
                    "name": "Fabien Potencier",
                    "email": "fabien@symfony.com"
                },
                {
                    "name": "Symfony Community",
                    "homepage": "https://symfony.com/contributors"
                }
            ],
            "description": "Symfony Process Component",
            "homepage": "https://symfony.com",
            "time": "2018-01-29T09:03:43+00:00"
        },
        {
            "name": "symfony/yaml",
            "version": "v3.0.9",
            "source": {
                "type": "git",
                "url": "https://github.com/symfony/yaml.git",
                "reference": "2a9101d2bfee061caa0f978c9c4e6a84d5eaed96"
            },
            "dist": {
                "type": "zip",
                "url": "https://files.phpcomposer.com/files/symfony/yaml/2a9101d2bfee061caa0f978c9c4e6a84d5eaed96.zip",
                "reference": "2a9101d2bfee061caa0f978c9c4e6a84d5eaed96",
                "shasum": ""
            },
            "require": {
                "php": ">=5.5.9"
            },
            "type": "library",
            "extra": {
                "branch-alias": {
                    "dev-master": "3.0-dev"
                }
            },
            "autoload": {
                "psr-4": {
                    "Symfony\\Component\\Yaml\\": ""
                },
                "exclude-from-classmap": [
                    "/Tests/"
                ]
            },
            "notification-url": "https://packagist.org/downloads/",
            "license": [
                "MIT"
            ],
            "authors": [
                {
                    "name": "Fabien Potencier",
                    "email": "fabien@symfony.com"
                },
                {
                    "name": "Symfony Community",
                    "homepage": "https://symfony.com/contributors"
                }
            ],
            "description": "Symfony Yaml Component",
            "homepage": "https://symfony.com",
            "time": "2016-07-17T13:54:30+00:00"
        }
    ],
    "packages-dev": [],
    "aliases": [],
    "minimum-stability": "stable",
    "stability-flags": [],
    "prefer-stable": false,
    "prefer-lowest": false,
    "platform": [],
    "platform-dev": []
}
